
Microsoft Visual Studio Solution File, Format Version 12.00
# Visual Studio Version 16
VisualStudioVersion = 16.0.29613.14
MinimumVisualStudioVersion = 10.0.40219.1
Project("{FAE04EC0-301F-11D3-BF4B-00C04F79EFBC}") = "TicTacToeGamePlan", "TicTacToeGamePlan.csproj", "{40FC7D18-D318-4C41-81B1-2EE995042439}"
EndProject
Global
	GlobalSection(SolutionConfigurationPlatforms) = preSolution
		Debug|Any CPU = Debug|Any CPU
		Release|Any CPU = Release|Any CPU
	EndGlobalSection
	GlobalSection(ProjectConfigurationPlatforms) = postSolution
		{40FC7D18-D318-4C41-81B1-2EE995042439}.Debug|Any CPU.ActiveCfg = Debug|Any CPU
		{40FC7D18-D318-4C41-81B1-2EE995042439}.Debug|Any CPU.Build.0 = Debug|Any CPU
		{40FC7D18-D318-4C41-81B1-2EE995042439}.Release|Any CPU.ActiveCfg = Release|Any CPU
		{40FC7D18-D318-4C41-81B1-2EE995042439}.Release|Any CPU.Build.0 = Release|Any CPU
	EndGlobalSection
	GlobalSection(SolutionProperties) = preSolution
		HideSolutionNode = FALSE
	EndGlobalSection
	GlobalSection(ExtensibilityGlobals) = postSolution
		SolutionGuid = {7B22F05E-FDDC-4839-8C64-3DD196384E02}
	EndGlobalSection
EndGlobal
